
Microsoft Visual Studio Solution File, Format Version 12.00
# Visual Studio Version 17
VisualStudioVersion = 17.5.33516.290
MinimumVisualStudioVersion = 10.0.40219.1
Project("{FAE04EC0-301F-11D3-BF4B-00C04F79EFBC}") = "fukuv0601", "fukuv0601\fukuv0601.csproj", "{A97D7583-B0DB-4CD8-A2A7-BAD74FEE5EF5}"
EndProject
Global
	GlobalSection(SolutionConfigurationPlatforms) = preSolution
		Debug|Any CPU = Debug|Any CPU
		Release|Any CPU = Release|Any CPU
	EndGlobalSection
	GlobalSection(ProjectConfigurationPlatforms) = postSolution
		{A97D7583-B0DB-4CD8-A2A7-BAD74FEE5EF5}.Debug|Any CPU.ActiveCfg = Debug|Any CPU
		{A97D7583-B0DB-4CD8-A2A7-BAD74FEE5EF5}.Debug|Any CPU.Build.0 = Debug|Any CPU
		{A97D7583-B0DB-4CD8-A2A7-BAD74FEE5EF5}.Release|Any CPU.ActiveCfg = Release|Any CPU
		{A97D7583-B0DB-4CD8-A2A7-BAD74FEE5EF5}.Release|Any CPU.Build.0 = Release|Any CPU
	EndGlobalSection
	GlobalSection(SolutionProperties) = preSolution
		HideSolutionNode = FALSE
	EndGlobalSection
	GlobalSection(ExtensibilityGlobals) = postSolution
		SolutionGuid = {1E3D0701-2C78-4254-9CA4-AC94CCE6268A}
	EndGlobalSection
EndGlobal
